{
  "requires": true,
  "lockfileVersion": 1,
  "dependencies": {
    "sweetalert2": {
      "version": "8.7.1",
      "resolved": "https://registry.npmjs.org/sweetalert2/-/sweetalert2-8.7.1.tgz",
      "integrity": "sha512-MV8XykAbv5kZfAUU0L7B56xRIERyHoYBepdPXP7YiETQy7T2mFB0xvg3G41rzONNWFP49/5JFOqrtRGarEMSTg=="
    }
  }
}
